
Microsoft Visual Studio Solution File, Format Version 12.00
# Visual Studio Version 17
VisualStudioVersion = 17.14.36603.0
MinimumVisualStudioVersion = 10.0.40219.1
Project("{FAE04EC0-301F-11D3-BF4B-00C04F79EFBC}") = "CarAuctionManagementSystem", "CarAuctionManagementSystem\CarAuctionManagementSystem.csproj", "{B9209A86-9398-4A9F-AED2-6B8FD00CF6E2}"
EndProject
Project("{FAE04EC0-301F-11D3-BF4B-00C04F79EFBC}") = "Tests", "Tests\Tests.csproj", "{FB50FDC6-2460-4CA1-8804-2DC86BB2ED12}"
EndProject
Global
	GlobalSection(SolutionConfigurationPlatforms) = preSolution
		Debug|Any CPU = Debug|Any CPU
		Release|Any CPU = Release|Any CPU
	EndGlobalSection
	GlobalSection(ProjectConfigurationPlatforms) = postSolution
		{B9209A86-9398-4A9F-AED2-6B8FD00CF6E2}.Debug|Any CPU.ActiveCfg = Debug|Any CPU
		{B9209A86-9398-4A9F-AED2-6B8FD00CF6E2}.Debug|Any CPU.Build.0 = Debug|Any CPU
		{B9209A86-9398-4A9F-AED2-6B8FD00CF6E2}.Release|Any CPU.ActiveCfg = Release|Any CPU
		{B9209A86-9398-4A9F-AED2-6B8FD00CF6E2}.Release|Any CPU.Build.0 = Release|Any CPU
		{FB50FDC6-2460-4CA1-8804-2DC86BB2ED12}.Debug|Any CPU.ActiveCfg = Debug|Any CPU
		{FB50FDC6-2460-4CA1-8804-2DC86BB2ED12}.Debug|Any CPU.Build.0 = Debug|Any CPU
		{FB50FDC6-2460-4CA1-8804-2DC86BB2ED12}.Release|Any CPU.ActiveCfg = Release|Any CPU
		{FB50FDC6-2460-4CA1-8804-2DC86BB2ED12}.Release|Any CPU.Build.0 = Release|Any CPU
	EndGlobalSection
	GlobalSection(SolutionProperties) = preSolution
		HideSolutionNode = FALSE
	EndGlobalSection
	GlobalSection(ExtensibilityGlobals) = postSolution
		SolutionGuid = {984E7050-8371-45F9-BF91-F2F79D7E315D}
	EndGlobalSection
EndGlobal
